
Microsoft Visual Studio Solution File, Format Version 12.00
# Visual Studio 15
Project("{FAE04EC0-301F-11D3-BF4B-00C04F79EFBC}") = "Lecture_6", "Lecture_6\Lecture_6.csproj", "{66DB3F72-9F25-4179-A94A-5889ACC2B661}"
EndProject
Global
	GlobalSection(SolutionConfigurationPlatforms) = preSolution
		Debug|Any CPU = Debug|Any CPU
		Release|Any CPU = Release|Any CPU
	EndGlobalSection
	GlobalSection(ProjectConfigurationPlatforms) = postSolution
		{66DB3F72-9F25-4179-A94A-5889ACC2B661}.Debug|Any CPU.ActiveCfg = Debug|Any CPU
		{66DB3F72-9F25-4179-A94A-5889ACC2B661}.Debug|Any CPU.Build.0 = Debug|Any CPU
		{66DB3F72-9F25-4179-A94A-5889ACC2B661}.Release|Any CPU.ActiveCfg = Release|Any CPU
		{66DB3F72-9F25-4179-A94A-5889ACC2B661}.Release|Any CPU.Build.0 = Release|Any CPU
	EndGlobalSection
EndGlobal
